
Microsoft Visual Studio Solution File, Format Version 12.00
# Visual Studio Version 16
VisualStudioVersion = 16.0.31229.75
MinimumVisualStudioVersion = 10.0.40219.1
Project("{FAE04EC0-301F-11D3-BF4B-00C04F79EFBC}") = "WinTermOverview", "WinTermOverview.csproj", "{79275B40-E0B0-42EB-9B14-E20D3216D7F6}"
EndProject
Global
	GlobalSection(SolutionConfigurationPlatforms) = preSolution
		Debug|Any CPU = Debug|Any CPU
		Release|Any CPU = Release|Any CPU
	EndGlobalSection
	GlobalSection(ProjectConfigurationPlatforms) = postSolution
		{79275B40-E0B0-42EB-9B14-E20D3216D7F6}.Debug|Any CPU.ActiveCfg = Debug|Any CPU
		{79275B40-E0B0-42EB-9B14-E20D3216D7F6}.Debug|Any CPU.Build.0 = Debug|Any CPU
		{79275B40-E0B0-42EB-9B14-E20D3216D7F6}.Release|Any CPU.ActiveCfg = Release|Any CPU
		{79275B40-E0B0-42EB-9B14-E20D3216D7F6}.Release|Any CPU.Build.0 = Release|Any CPU
	EndGlobalSection
	GlobalSection(SolutionProperties) = preSolution
		HideSolutionNode = FALSE
	EndGlobalSection
	GlobalSection(ExtensibilityGlobals) = postSolution
		SolutionGuid = {1F843EF0-4185-4135-B820-5338151AC95A}
	EndGlobalSection
EndGlobal
